
Microsoft Visual Studio Solution File, Format Version 12.00
# Visual Studio Version 17
VisualStudioVersion = 17.4.33403.182
MinimumVisualStudioVersion = 10.0.40219.1
Project("{9A19103F-16F7-4668-BE54-9A1E7A4F7556}") = "RabbitMQConfigurations.Infrastructure", "RabbitMQConfigurations.Infrastructure\RabbitMQConfigurations.Infrastructure.csproj", "{A98A96A0-AAE7-4A2A-BDD5-076B28278DA5}"
EndProject
Project("{9A19103F-16F7-4668-BE54-9A1E7A4F7556}") = "RabbitMQConfigurations.API", "RabbitMQConfigurations.API\RabbitMQConfigurations.API.csproj", "{68186127-6EB2-4CB8-829E-CB9F8B204951}"
EndProject
Project("{9A19103F-16F7-4668-BE54-9A1E7A4F7556}") = "RabbitMQConfigurations.Entities", "RabbitMQConfigurations.Entities\RabbitMQConfigurations.Entities.csproj", "{69447BE0-001E-411A-86CA-92F9C5C7C8AE}"
EndProject
Project("{9A19103F-16F7-4668-BE54-9A1E7A4F7556}") = "RabbitMQConfigurations.BLL", "RabbitMQConfigurations.BLL\RabbitMQConfigurations.BLL.csproj", "{51016E92-60DE-4F2C-A8BC-5643F83F1DE9}"
EndProject
Project("{9A19103F-16F7-4668-BE54-9A1E7A4F7556}") = "RabbitMQConfigurations.Domain", "RabbitMQConfigurations.Domain\RabbitMQConfigurations.Domain.csproj", "{B723065C-EBE6-4942-9510-C07FDF67F0B1}"
EndProject
Project("{FAE04EC0-301F-11D3-BF4B-00C04F79EFBC}") = "Consume_StringMessagesv1", "Consume_StringMessagesv1\Consume_StringMessagesv1.csproj", "{9C7F8818-24F5-43B0-A8A9-833DD55E22F0}"
EndProject
Global
	GlobalSection(SolutionConfigurationPlatforms) = preSolution
		Debug|Any CPU = Debug|Any CPU
		Release|Any CPU = Release|Any CPU
	EndGlobalSection
	GlobalSection(ProjectConfigurationPlatforms) = postSolution
		{A98A96A0-AAE7-4A2A-BDD5-076B28278DA5}.Debug|Any CPU.ActiveCfg = Debug|Any CPU
		{A98A96A0-AAE7-4A2A-BDD5-076B28278DA5}.Debug|Any CPU.Build.0 = Debug|Any CPU
		{A98A96A0-AAE7-4A2A-BDD5-076B28278DA5}.Release|Any CPU.ActiveCfg = Release|Any CPU
		{A98A96A0-AAE7-4A2A-BDD5-076B28278DA5}.Release|Any CPU.Build.0 = Release|Any CPU
		{68186127-6EB2-4CB8-829E-CB9F8B204951}.Debug|Any CPU.ActiveCfg = Debug|Any CPU
		{68186127-6EB2-4CB8-829E-CB9F8B204951}.Debug|Any CPU.Build.0 = Debug|Any CPU
		{68186127-6EB2-4CB8-829E-CB9F8B204951}.Release|Any CPU.ActiveCfg = Release|Any CPU
		{68186127-6EB2-4CB8-829E-CB9F8B204951}.Release|Any CPU.Build.0 = Release|Any CPU
		{69447BE0-001E-411A-86CA-92F9C5C7C8AE}.Debug|Any CPU.ActiveCfg = Debug|Any CPU
		{69447BE0-001E-411A-86CA-92F9C5C7C8AE}.Debug|Any CPU.Build.0 = Debug|Any CPU
		{69447BE0-001E-411A-86CA-92F9C5C7C8AE}.Release|Any CPU.ActiveCfg = Release|Any CPU
		{69447BE0-001E-411A-86CA-92F9C5C7C8AE}.Release|Any CPU.Build.0 = Release|Any CPU
		{51016E92-60DE-4F2C-A8BC-5643F83F1DE9}.Debug|Any CPU.ActiveCfg = Debug|Any CPU
		{51016E92-60DE-4F2C-A8BC-5643F83F1DE9}.Debug|Any CPU.Build.0 = Debug|Any CPU
		{51016E92-60DE-4F2C-A8BC-5643F83F1DE9}.Release|Any CPU.ActiveCfg = Release|Any CPU
		{51016E92-60DE-4F2C-A8BC-5643F83F1DE9}.Release|Any CPU.Build.0 = Release|Any CPU
		{B723065C-EBE6-4942-9510-C07FDF67F0B1}.Debug|Any CPU.ActiveCfg = Debug|Any CPU
		{B723065C-EBE6-4942-9510-C07FDF67F0B1}.Debug|Any CPU.Build.0 = Debug|Any CPU
		{B723065C-EBE6-4942-9510-C07FDF67F0B1}.Release|Any CPU.ActiveCfg = Release|Any CPU
		{B723065C-EBE6-4942-9510-C07FDF67F0B1}.Release|Any CPU.Build.0 = Release|Any CPU
		{9C7F8818-24F5-43B0-A8A9-833DD55E22F0}.Debug|Any CPU.ActiveCfg = Debug|Any CPU
		{9C7F8818-24F5-43B0-A8A9-833DD55E22F0}.Debug|Any CPU.Build.0 = Debug|Any CPU
		{9C7F8818-24F5-43B0-A8A9-833DD55E22F0}.Release|Any CPU.ActiveCfg = Release|Any CPU
		{9C7F8818-24F5-43B0-A8A9-833DD55E22F0}.Release|Any CPU.Build.0 = Release|Any CPU
	EndGlobalSection
	GlobalSection(SolutionProperties) = preSolution
		HideSolutionNode = FALSE
	EndGlobalSection
	GlobalSection(ExtensibilityGlobals) = postSolution
		SolutionGuid = {E66BA7D4-3AF8-4B6D-90D9-B37F1AB171A2}
	EndGlobalSection
EndGlobal
